
Microsoft Visual Studio Solution File, Format Version 12.00
# Visual Studio Version 17
VisualStudioVersion = 17.0.31423.177
MinimumVisualStudioVersion = 10.0.40219.1
Project("{FAE04EC0-301F-11D3-BF4B-00C04F79EFBC}") = "GoogleTranslate", "GoogleTranslate\GoogleTranslate.csproj", "{0F7C810E-8340-4A59-8D2F-B2DC29B88CBC}"
EndProject
Global
	GlobalSection(SolutionConfigurationPlatforms) = preSolution
		Debug|Any CPU = Debug|Any CPU
		Release|Any CPU = Release|Any CPU
	EndGlobalSection
	GlobalSection(ProjectConfigurationPlatforms) = postSolution
		{0F7C810E-8340-4A59-8D2F-B2DC29B88CBC}.Debug|Any CPU.ActiveCfg = Debug|Any CPU
		{0F7C810E-8340-4A59-8D2F-B2DC29B88CBC}.Debug|Any CPU.Build.0 = Debug|Any CPU
		{0F7C810E-8340-4A59-8D2F-B2DC29B88CBC}.Release|Any CPU.ActiveCfg = Release|Any CPU
		{0F7C810E-8340-4A59-8D2F-B2DC29B88CBC}.Release|Any CPU.Build.0 = Release|Any CPU
	EndGlobalSection
	GlobalSection(SolutionProperties) = preSolution
		HideSolutionNode = FALSE
	EndGlobalSection
	GlobalSection(ExtensibilityGlobals) = postSolution
		SolutionGuid = {028EFC94-4771-406D-A5DD-C9278537643F}
	EndGlobalSection
EndGlobal
