
Microsoft Visual Studio Solution File, Format Version 12.00
# Visual Studio Version 16
VisualStudioVersion = 16.0.32106.194
MinimumVisualStudioVersion = 10.0.40219.1
Project("{FAE04EC0-301F-11D3-BF4B-00C04F79EFBC}") = "FormLogin", "FormLogin.csproj", "{03F6C52B-0188-44DF-BE7D-534E0E9A2342}"
EndProject
Global
	GlobalSection(SolutionConfigurationPlatforms) = preSolution
		Debug|Any CPU = Debug|Any CPU
		Release|Any CPU = Release|Any CPU
	EndGlobalSection
	GlobalSection(ProjectConfigurationPlatforms) = postSolution
		{03F6C52B-0188-44DF-BE7D-534E0E9A2342}.Debug|Any CPU.ActiveCfg = Debug|Any CPU
		{03F6C52B-0188-44DF-BE7D-534E0E9A2342}.Debug|Any CPU.Build.0 = Debug|Any CPU
		{03F6C52B-0188-44DF-BE7D-534E0E9A2342}.Release|Any CPU.ActiveCfg = Release|Any CPU
		{03F6C52B-0188-44DF-BE7D-534E0E9A2342}.Release|Any CPU.Build.0 = Release|Any CPU
	EndGlobalSection
	GlobalSection(SolutionProperties) = preSolution
		HideSolutionNode = FALSE
	EndGlobalSection
	GlobalSection(ExtensibilityGlobals) = postSolution
		SolutionGuid = {10D62455-234F-4538-9BF0-85B31ACD80D0}
	EndGlobalSection
EndGlobal
