
Microsoft Visual Studio Solution File, Format Version 12.00
# Visual Studio Version 16
VisualStudioVersion = 16.0.30523.141
MinimumVisualStudioVersion = 10.0.40219.1
Project("{FAE04EC0-301F-11D3-BF4B-00C04F79EFBC}") = "WatingForm", "WatingForm\WatingForm.csproj", "{5209082B-4035-4EDD-A631-28325FF9DD5B}"
EndProject
Global
	GlobalSection(SolutionConfigurationPlatforms) = preSolution
		Debug|Any CPU = Debug|Any CPU
		Release|Any CPU = Release|Any CPU
	EndGlobalSection
	GlobalSection(ProjectConfigurationPlatforms) = postSolution
		{5209082B-4035-4EDD-A631-28325FF9DD5B}.Debug|Any CPU.ActiveCfg = Debug|Any CPU
		{5209082B-4035-4EDD-A631-28325FF9DD5B}.Debug|Any CPU.Build.0 = Debug|Any CPU
		{5209082B-4035-4EDD-A631-28325FF9DD5B}.Release|Any CPU.ActiveCfg = Release|Any CPU
		{5209082B-4035-4EDD-A631-28325FF9DD5B}.Release|Any CPU.Build.0 = Release|Any CPU
	EndGlobalSection
	GlobalSection(SolutionProperties) = preSolution
		HideSolutionNode = FALSE
	EndGlobalSection
	GlobalSection(ExtensibilityGlobals) = postSolution
		SolutionGuid = {078F7B81-FB5E-4310-9541-6EB1C63D53F2}
	EndGlobalSection
EndGlobal
