
Microsoft Visual Studio Solution File, Format Version 12.00
# Visual Studio Version 16
VisualStudioVersion = 16.0.30011.22
MinimumVisualStudioVersion = 10.0.40219.1
Project("{FAE04EC0-301F-11D3-BF4B-00C04F79EFBC}") = "WaitFormExample", "WaitFormExample\WaitFormExample.csproj", "{6F5A6A23-495A-4471-847F-1AC72F46C0B5}"
EndProject
Global
	GlobalSection(SolutionConfigurationPlatforms) = preSolution
		Debug|Any CPU = Debug|Any CPU
		Release|Any CPU = Release|Any CPU
	EndGlobalSection
	GlobalSection(ProjectConfigurationPlatforms) = postSolution
		{6F5A6A23-495A-4471-847F-1AC72F46C0B5}.Debug|Any CPU.ActiveCfg = Debug|Any CPU
		{6F5A6A23-495A-4471-847F-1AC72F46C0B5}.Debug|Any CPU.Build.0 = Debug|Any CPU
		{6F5A6A23-495A-4471-847F-1AC72F46C0B5}.Release|Any CPU.ActiveCfg = Release|Any CPU
		{6F5A6A23-495A-4471-847F-1AC72F46C0B5}.Release|Any CPU.Build.0 = Release|Any CPU
	EndGlobalSection
	GlobalSection(SolutionProperties) = preSolution
		HideSolutionNode = FALSE
	EndGlobalSection
	GlobalSection(ExtensibilityGlobals) = postSolution
		SolutionGuid = {A308BFCD-DEA0-46ED-9381-C1ECE4E865D6}
	EndGlobalSection
EndGlobal
