
Microsoft Visual Studio Solution File, Format Version 12.00
# Visual Studio 15
VisualStudioVersion = 15.0.28010.2046
MinimumVisualStudioVersion = 10.0.40219.1
Project("{FAE04EC0-301F-11D3-BF4B-00C04F79EFBC}") = "DocSoThanhChu", "DocSoThanhChu\DocSoThanhChu.csproj", "{3BC21F19-40DD-4A92-A7A1-6CD736B1367A}"
EndProject
Global
	GlobalSection(SolutionConfigurationPlatforms) = preSolution
		Debug|Any CPU = Debug|Any CPU
		Release|Any CPU = Release|Any CPU
	EndGlobalSection
	GlobalSection(ProjectConfigurationPlatforms) = postSolution
		{3BC21F19-40DD-4A92-A7A1-6CD736B1367A}.Debug|Any CPU.ActiveCfg = Debug|Any CPU
		{3BC21F19-40DD-4A92-A7A1-6CD736B1367A}.Debug|Any CPU.Build.0 = Debug|Any CPU
		{3BC21F19-40DD-4A92-A7A1-6CD736B1367A}.Release|Any CPU.ActiveCfg = Release|Any CPU
		{3BC21F19-40DD-4A92-A7A1-6CD736B1367A}.Release|Any CPU.Build.0 = Release|Any CPU
	EndGlobalSection
	GlobalSection(SolutionProperties) = preSolution
		HideSolutionNode = FALSE
	EndGlobalSection
	GlobalSection(ExtensibilityGlobals) = postSolution
		SolutionGuid = {47B30C72-98ED-44D2-933D-8D1694F3015B}
	EndGlobalSection
EndGlobal
