
Microsoft Visual Studio Solution File, Format Version 12.00
# Visual Studio Version 16
VisualStudioVersion = 16.0.32630.194
MinimumVisualStudioVersion = 10.0.40219.1
Project("{FAE04EC0-301F-11D3-BF4B-00C04F79EFBC}") = "EncryptPassword", "EncryptPassword.csproj", "{718A25B0-D326-4733-BE58-228561900D52}"
EndProject
Global
	GlobalSection(SolutionConfigurationPlatforms) = preSolution
		Debug|Any CPU = Debug|Any CPU
		Release|Any CPU = Release|Any CPU
	EndGlobalSection
	GlobalSection(ProjectConfigurationPlatforms) = postSolution
		{718A25B0-D326-4733-BE58-228561900D52}.Debug|Any CPU.ActiveCfg = Debug|Any CPU
		{718A25B0-D326-4733-BE58-228561900D52}.Debug|Any CPU.Build.0 = Debug|Any CPU
		{718A25B0-D326-4733-BE58-228561900D52}.Release|Any CPU.ActiveCfg = Release|Any CPU
		{718A25B0-D326-4733-BE58-228561900D52}.Release|Any CPU.Build.0 = Release|Any CPU
	EndGlobalSection
	GlobalSection(SolutionProperties) = preSolution
		HideSolutionNode = FALSE
	EndGlobalSection
	GlobalSection(ExtensibilityGlobals) = postSolution
		SolutionGuid = {7720A31D-73FC-4E12-93C0-AA8A47B925B2}
	EndGlobalSection
EndGlobal
